
Microsoft Visual Studio Solution File, Format Version 12.00
# Visual Studio 14
VisualStudioVersion = 14.0.24720.0
MinimumVisualStudioVersion = 10.0.40219.1
Project("{D954291E-2A0B-460D-934E-DC6B0785DB48}") = "SharedProject", "SharedProject\SharedProject.shproj", "{CF1BC2B3-DF38-48E1-B425-09AC7A8303BF}"
EndProject
Project("{FAE04EC0-301F-11D3-BF4B-00C04F79EFBC}") = "WeatherAppWindows", "WeatherAppWindows\WeatherAppWindows.csproj", "{9E9E9AB5-7417-4A8F-BAF4-C6E0098603DF}"
EndProject
Project("{FAE04EC0-301F-11D3-BF4B-00C04F79EFBC}") = "WeatherAppAndroid", "WeatherAppAndroid\WeatherAppAndroid.csproj", "{0BB16B8A-A03B-4D11-AB59-D59FD4235B46}"
EndProject
Project("{FAE04EC0-301F-11D3-BF4B-00C04F79EFBC}") = "WeatherAppWindowsphone", "WeatherAppWindowsphone\WeatherAppWindowsphone.csproj", "{39FAF330-8146-471C-B541-3EAA55CBDCB4}"
EndProject
Project("{FAE04EC0-301F-11D3-BF4B-00C04F79EFBC}") = "WeatherAppiOS", "WeatherAppiOS\WeatherAppiOS.csproj", "{20255BFE-E7B3-44F7-A7A7-F688A0368EC8}"
EndProject
Global
	GlobalSection(SharedMSBuildProjectFiles) = preSolution
		Shared\Shared.projitems*{39faf330-8146-471c-b541-3eaa55cbdcb4}*SharedItemsImports = 4
		SharedProject\SharedProject.projitems*{cf1bc2b3-df38-48e1-b425-09ac7a8303bf}*SharedItemsImports = 13
		Shared\Shared.projitems*{9e9e9ab5-7417-4a8f-baf4-c6e0098603df}*SharedItemsImports = 4
	EndGlobalSection
	GlobalSection(SolutionConfigurationPlatforms) = preSolution
		Ad-Hoc|Any CPU = Ad-Hoc|Any CPU
		Ad-Hoc|ARM = Ad-Hoc|ARM
		Ad-Hoc|iPhone = Ad-Hoc|iPhone
		Ad-Hoc|iPhoneSimulator = Ad-Hoc|iPhoneSimulator
		Ad-Hoc|x64 = Ad-Hoc|x64
		Ad-Hoc|x86 = Ad-Hoc|x86
		AppStore|Any CPU = AppStore|Any CPU
		AppStore|ARM = AppStore|ARM
		AppStore|iPhone = AppStore|iPhone
		AppStore|iPhoneSimulator = AppStore|iPhoneSimulator
		AppStore|x64 = AppStore|x64
		AppStore|x86 = AppStore|x86
		Debug|Any CPU = Debug|Any CPU
		Debug|ARM = Debug|ARM
		Debug|iPhone = Debug|iPhone
		Debug|iPhoneSimulator = Debug|iPhoneSimulator
		Debug|x64 = Debug|x64
		Debug|x86 = Debug|x86
		Release|Any CPU = Release|Any CPU
		Release|ARM = Release|ARM
		Release|iPhone = Release|iPhone
		Release|iPhoneSimulator = Release|iPhoneSimulator
		Release|x64 = Release|x64
		Release|x86 = Release|x86
	EndGlobalSection
	GlobalSection(ProjectConfigurationPlatforms) = postSolution
		{9E9E9AB5-7417-4A8F-BAF4-C6E0098603DF}.Ad-Hoc|Any CPU.ActiveCfg = Release|x64
		{9E9E9AB5-7417-4A8F-BAF4-C6E0098603DF}.Ad-Hoc|Any CPU.Build.0 = Release|x64
		{9E9E9AB5-7417-4A8F-BAF4-C6E0098603DF}.Ad-Hoc|Any CPU.Deploy.0 = Release|x64
		{9E9E9AB5-7417-4A8F-BAF4-C6E0098603DF}.Ad-Hoc|ARM.ActiveCfg = Release|ARM
		{9E9E9AB5-7417-4A8F-BAF4-C6E0098603DF}.Ad-Hoc|ARM.Build.0 = Release|ARM
		{9E9E9AB5-7417-4A8F-BAF4-C6E0098603DF}.Ad-Hoc|ARM.Deploy.0 = Release|ARM
		{9E9E9AB5-7417-4A8F-BAF4-C6E0098603DF}.Ad-Hoc|iPhone.ActiveCfg = Release|x64
		{9E9E9AB5-7417-4A8F-BAF4-C6E0098603DF}.Ad-Hoc|iPhone.Build.0 = Release|x64
		{9E9E9AB5-7417-4A8F-BAF4-C6E0098603DF}.Ad-Hoc|iPhone.Deploy.0 = Release|x64
		{9E9E9AB5-7417-4A8F-BAF4-C6E0098603DF}.Ad-Hoc|iPhoneSimulator.ActiveCfg = Release|x64
		{9E9E9AB5-7417-4A8F-BAF4-C6E0098603DF}.Ad-Hoc|iPhoneSimulator.Build.0 = Release|x64
		{9E9E9AB5-7417-4A8F-BAF4-C6E0098603DF}.Ad-Hoc|iPhoneSimulator.Deploy.0 = Release|x64
		{9E9E9AB5-7417-4A8F-BAF4-C6E0098603DF}.Ad-Hoc|x64.ActiveCfg = Release|x64
		{9E9E9AB5-7417-4A8F-BAF4-C6E0098603DF}.Ad-Hoc|x64.Build.0 = Release|x64
		{9E9E9AB5-7417-4A8F-BAF4-C6E0098603DF}.Ad-Hoc|x64.Deploy.0 = Release|x64
		{9E9E9AB5-7417-4A8F-BAF4-C6E0098603DF}.Ad-Hoc|x86.ActiveCfg = Release|x86
		{9E9E9AB5-7417-4A8F-BAF4-C6E0098603DF}.Ad-Hoc|x86.Build.0 = Release|x86
		{9E9E9AB5-7417-4A8F-BAF4-C6E0098603DF}.Ad-Hoc|x86.Deploy.0 = Release|x86
		{9E9E9AB5-7417-4A8F-BAF4-C6E0098603DF}.AppStore|Any CPU.ActiveCfg = Release|x64
		{9E9E9AB5-7417-4A8F-BAF4-C6E0098603DF}.AppStore|Any CPU.Build.0 = Release|x64
		{9E9E9AB5-7417-4A8F-BAF4-C6E0098603DF}.AppStore|Any CPU.Deploy.0 = Release|x64
		{9E9E9AB5-7417-4A8F-BAF4-C6E0098603DF}.AppStore|ARM.ActiveCfg = Release|ARM
		{9E9E9AB5-7417-4A8F-BAF4-C6E0098603DF}.AppStore|ARM.Build.0 = Release|ARM
		{9E9E9AB5-7417-4A8F-BAF4-C6E0098603DF}.AppStore|ARM.Deploy.0 = Release|ARM
		{9E9E9AB5-7417-4A8F-BAF4-C6E0098603DF}.AppStore|iPhone.ActiveCfg = Release|x64
		{9E9E9AB5-7417-4A8F-BAF4-C6E0098603DF}.AppStore|iPhone.Build.0 = Release|x64
		{9E9E9AB5-7417-4A8F-BAF4-C6E0098603DF}.AppStore|iPhone.Deploy.0 = Release|x64
		{9E9E9AB5-7417-4A8F-BAF4-C6E0098603DF}.AppStore|iPhoneSimulator.ActiveCfg = Release|x64
		{9E9E9AB5-7417-4A8F-BAF4-C6E0098603DF}.AppStore|iPhoneSimulator.Build.0 = Release|x64
		{9E9E9AB5-7417-4A8F-BAF4-C6E0098603DF}.AppStore|iPhoneSimulator.Deploy.0 = Release|x64
		{9E9E9AB5-7417-4A8F-BAF4-C6E0098603DF}.AppStore|x64.ActiveCfg = Release|x64
		{9E9E9AB5-7417-4A8F-BAF4-C6E0098603DF}.AppStore|x64.Build.0 = Release|x64
		{9E9E9AB5-7417-4A8F-BAF4-C6E0098603DF}.AppStore|x64.Deploy.0 = Release|x64
		{9E9E9AB5-7417-4A8F-BAF4-C6E0098603DF}.AppStore|x86.ActiveCfg = Release|x86
		{9E9E9AB5-7417-4A8F-BAF4-C6E0098603DF}.AppStore|x86.Build.0 = Release|x86
		{9E9E9AB5-7417-4A8F-BAF4-C6E0098603DF}.AppStore|x86.Deploy.0 = Release|x86
		{9E9E9AB5-7417-4A8F-BAF4-C6E0098603DF}.Debug|Any CPU.ActiveCfg = Debug|x86
		{9E9E9AB5-7417-4A8F-BAF4-C6E0098603DF}.Debug|ARM.ActiveCfg = Debug|ARM
		{9E9E9AB5-7417-4A8F-BAF4-C6E0098603DF}.Debug|ARM.Build.0 = Debug|ARM
		{9E9E9AB5-7417-4A8F-BAF4-C6E0098603DF}.Debug|ARM.Deploy.0 = Debug|ARM
		{9E9E9AB5-7417-4A8F-BAF4-C6E0098603DF}.Debug|iPhone.ActiveCfg = Debug|x86
		{9E9E9AB5-7417-4A8F-BAF4-C6E0098603DF}.Debug|iPhoneSimulator.ActiveCfg = Debug|x86
		{9E9E9AB5-7417-4A8F-BAF4-C6E0098603DF}.Debug|x64.ActiveCfg = Debug|x64
		{9E9E9AB5-7417-4A8F-BAF4-C6E0098603DF}.Debug|x64.Build.0 = Debug|x64
		{9E9E9AB5-7417-4A8F-BAF4-C6E0098603DF}.Debug|x64.Deploy.0 = Debug|x64
		{9E9E9AB5-7417-4A8F-BAF4-C6E0098603DF}.Debug|x86.ActiveCfg = Debug|x86
		{9E9E9AB5-7417-4A8F-BAF4-C6E0098603DF}.Debug|x86.Build.0 = Debug|x86
		{9E9E9AB5-7417-4A8F-BAF4-C6E0098603DF}.Debug|x86.Deploy.0 = Debug|x86
		{9E9E9AB5-7417-4A8F-BAF4-C6E0098603DF}.Release|Any CPU.ActiveCfg = Release|x86
		{9E9E9AB5-7417-4A8F-BAF4-C6E0098603DF}.Release|ARM.ActiveCfg = Release|ARM
		{9E9E9AB5-7417-4A8F-BAF4-C6E0098603DF}.Release|ARM.Build.0 = Release|ARM
		{9E9E9AB5-7417-4A8F-BAF4-C6E0098603DF}.Release|ARM.Deploy.0 = Release|ARM
		{9E9E9AB5-7417-4A8F-BAF4-C6E0098603DF}.Release|iPhone.ActiveCfg = Release|x86
		{9E9E9AB5-7417-4A8F-BAF4-C6E0098603DF}.Release|iPhoneSimulator.ActiveCfg = Release|x86
		{9E9E9AB5-7417-4A8F-BAF4-C6E0098603DF}.Release|x64.ActiveCfg = Release|x64
		{9E9E9AB5-7417-4A8F-BAF4-C6E0098603DF}.Release|x64.Build.0 = Release|x64
		{9E9E9AB5-7417-4A8F-BAF4-C6E0098603DF}.Release|x64.Deploy.0 = Release|x64
		{9E9E9AB5-7417-4A8F-BAF4-C6E0098603DF}.Release|x86.ActiveCfg = Release|x86
		{9E9E9AB5-7417-4A8F-BAF4-C6E0098603DF}.Release|x86.Build.0 = Release|x86
		{9E9E9AB5-7417-4A8F-BAF4-C6E0098603DF}.Release|x86.Deploy.0 = Release|x86
		{0BB16B8A-A03B-4D11-AB59-D59FD4235B46}.Ad-Hoc|Any CPU.ActiveCfg = Release|Any CPU
		{0BB16B8A-A03B-4D11-AB59-D59FD4235B46}.Ad-Hoc|Any CPU.Build.0 = Release|Any CPU
		{0BB16B8A-A03B-4D11-AB59-D59FD4235B46}.Ad-Hoc|Any CPU.Deploy.0 = Release|Any CPU
		{0BB16B8A-A03B-4D11-AB59-D59FD4235B46}.Ad-Hoc|ARM.ActiveCfg = Release|Any CPU
		{0BB16B8A-A03B-4D11-AB59-D59FD4235B46}.Ad-Hoc|ARM.Build.0 = Release|Any CPU
		{0BB16B8A-A03B-4D11-AB59-D59FD4235B46}.Ad-Hoc|ARM.Deploy.0 = Release|Any CPU
		{0BB16B8A-A03B-4D11-AB59-D59FD4235B46}.Ad-Hoc|iPhone.ActiveCfg = Release|Any CPU
		{0BB16B8A-A03B-4D11-AB59-D59FD4235B46}.Ad-Hoc|iPhone.Build.0 = Release|Any CPU
		{0BB16B8A-A03B-4D11-AB59-D59FD4235B46}.Ad-Hoc|iPhone.Deploy.0 = Release|Any CPU
		{0BB16B8A-A03B-4D11-AB59-D59FD4235B46}.Ad-Hoc|iPhoneSimulator.ActiveCfg = Release|Any CPU
		{0BB16B8A-A03B-4D11-AB59-D59FD4235B46}.Ad-Hoc|iPhoneSimulator.Build.0 = Release|Any CPU
		{0BB16B8A-A03B-4D11-AB59-D59FD4235B46}.Ad-Hoc|iPhoneSimulator.Deploy.0 = Release|Any CPU
		{0BB16B8A-A03B-4D11-AB59-D59FD4235B46}.Ad-Hoc|x64.ActiveCfg = Release|Any CPU
		{0BB16B8A-A03B-4D11-AB59-D59FD4235B46}.Ad-Hoc|x64.Build.0 = Release|Any CPU
		{0BB16B8A-A03B-4D11-AB59-D59FD4235B46}.Ad-Hoc|x64.Deploy.0 = Release|Any CPU
		{0BB16B8A-A03B-4D11-AB59-D59FD4235B46}.Ad-Hoc|x86.ActiveCfg = Release|Any CPU
		{0BB16B8A-A03B-4D11-AB59-D59FD4235B46}.Ad-Hoc|x86.Build.0 = Release|Any CPU
		{0BB16B8A-A03B-4D11-AB59-D59FD4235B46}.Ad-Hoc|x86.Deploy.0 = Release|Any CPU
		{0BB16B8A-A03B-4D11-AB59-D59FD4235B46}.AppStore|Any CPU.ActiveCfg = Release|Any CPU
		{0BB16B8A-A03B-4D11-AB59-D59FD4235B46}.AppStore|Any CPU.Build.0 = Release|Any CPU
		{0BB16B8A-A03B-4D11-AB59-D59FD4235B46}.AppStore|Any CPU.Deploy.0 = Release|Any CPU
		{0BB16B8A-A03B-4D11-AB59-D59FD4235B46}.AppStore|ARM.ActiveCfg = Release|Any CPU
		{0BB16B8A-A03B-4D11-AB59-D59FD4235B46}.AppStore|ARM.Build.0 = Release|Any CPU
		{0BB16B8A-A03B-4D11-AB59-D59FD4235B46}.AppStore|ARM.Deploy.0 = Release|Any CPU
		{0BB16B8A-A03B-4D11-AB59-D59FD4235B46}.AppStore|iPhone.ActiveCfg = Release|Any CPU
		{0BB16B8A-A03B-4D11-AB59-D59FD4235B46}.AppStore|iPhone.Build.0 = Release|Any CPU
		{0BB16B8A-A03B-4D11-AB59-D59FD4235B46}.AppStore|iPhone.Deploy.0 = Release|Any CPU
		{0BB16B8A-A03B-4D11-AB59-D59FD4235B46}.AppStore|iPhoneSimulator.ActiveCfg = Release|Any CPU
		{0BB16B8A-A03B-4D11-AB59-D59FD4235B46}.AppStore|iPhoneSimulator.Build.0 = Release|Any CPU
		{0BB16B8A-A03B-4D11-AB59-D59FD4235B46}.AppStore|iPhoneSimulator.Deploy.0 = Release|Any CPU
		{0BB16B8A-A03B-4D11-AB59-D59FD4235B46}.AppStore|x64.ActiveCfg = Release|Any CPU
		{0BB16B8A-A03B-4D11-AB59-D59FD4235B46}.AppStore|x64.Build.0 = Release|Any CPU
		{0BB16B8A-A03B-4D11-AB59-D59FD4235B46}.AppStore|x64.Deploy.0 = Release|Any CPU
		{0BB16B8A-A03B-4D11-AB59-D59FD4235B46}.AppStore|x86.ActiveCfg = Release|Any CPU
		{0BB16B8A-A03B-4D11-AB59-D59FD4235B46}.AppStore|x86.Build.0 = Release|Any CPU
		{0BB16B8A-A03B-4D11-AB59-D59FD4235B46}.AppStore|x86.Deploy.0 = Release|Any CPU
		{0BB16B8A-A03B-4D11-AB59-D59FD4235B46}.Debug|Any CPU.ActiveCfg = Debug|Any CPU
		{0BB16B8A-A03B-4D11-AB59-D59FD4235B46}.Debug|Any CPU.Build.0 = Debug|Any CPU
		{0BB16B8A-A03B-4D11-AB59-D59FD4235B46}.Debug|Any CPU.Deploy.0 = Debug|Any CPU
		{0BB16B8A-A03B-4D11-AB59-D59FD4235B46}.Debug|ARM.ActiveCfg = Debug|Any CPU
		{0BB16B8A-A03B-4D11-AB59-D59FD4235B46}.Debug|ARM.Build.0 = Debug|Any CPU
		{0BB16B8A-A03B-4D11-AB59-D59FD4235B46}.Debug|ARM.Deploy.0 = Debug|Any CPU
		{0BB16B8A-A03B-4D11-AB59-D59FD4235B46}.Debug|iPhone.ActiveCfg = Debug|Any CPU
		{0BB16B8A-A03B-4D11-AB59-D59FD4235B46}.Debug|iPhone.Build.0 = Debug|Any CPU
		{0BB16B8A-A03B-4D11-AB59-D59FD4235B46}.Debug|iPhone.Deploy.0 = Debug|Any CPU
		{0BB16B8A-A03B-4D11-AB59-D59FD4235B46}.Debug|iPhoneSimulator.ActiveCfg = Debug|Any CPU
		{0BB16B8A-A03B-4D11-AB59-D59FD4235B46}.Debug|iPhoneSimulator.Build.0 = Debug|Any CPU
		{0BB16B8A-A03B-4D11-AB59-D59FD4235B46}.Debug|iPhoneSimulator.Deploy.0 = Debug|Any CPU
		{0BB16B8A-A03B-4D11-AB59-D59FD4235B46}.Debug|x64.ActiveCfg = Debug|Any CPU
		{0BB16B8A-A03B-4D11-AB59-D59FD4235B46}.Debug|x64.Build.0 = Debug|Any CPU
		{0BB16B8A-A03B-4D11-AB59-D59FD4235B46}.Debug|x64.Deploy.0 = Debug|Any CPU
		{0BB16B8A-A03B-4D11-AB59-D59FD4235B46}.Debug|x86.ActiveCfg = Debug|Any CPU
		{0BB16B8A-A03B-4D11-AB59-D59FD4235B46}.Debug|x86.Build.0 = Debug|Any CPU
		{0BB16B8A-A03B-4D11-AB59-D59FD4235B46}.Debug|x86.Deploy.0 = Debug|Any CPU
		{0BB16B8A-A03B-4D11-AB59-D59FD4235B46}.Release|Any CPU.ActiveCfg = Release|Any CPU
		{0BB16B8A-A03B-4D11-AB59-D59FD4235B46}.Release|Any CPU.Build.0 = Release|Any CPU
		{0BB16B8A-A03B-4D11-AB59-D59FD4235B46}.Release|Any CPU.Deploy.0 = Release|Any CPU
		{0BB16B8A-A03B-4D11-AB59-D59FD4235B46}.Release|ARM.ActiveCfg = Release|Any CPU
		{0BB16B8A-A03B-4D11-AB59-D59FD4235B46}.Release|ARM.Build.0 = Release|Any CPU
		{0BB16B8A-A03B-4D11-AB59-D59FD4235B46}.Release|ARM.Deploy.0 = Release|Any CPU
		{0BB16B8A-A03B-4D11-AB59-D59FD4235B46}.Release|iPhone.ActiveCfg = Release|Any CPU
		{0BB16B8A-A03B-4D11-AB59-D59FD4235B46}.Release|iPhone.Build.0 = Release|Any CPU
		{0BB16B8A-A03B-4D11-AB59-D59FD4235B46}.Release|iPhone.Deploy.0 = Release|Any CPU
		{0BB16B8A-A03B-4D11-AB59-D59FD4235B46}.Release|iPhoneSimulator.ActiveCfg = Release|Any CPU
		{0BB16B8A-A03B-4D11-AB59-D59FD4235B46}.Release|iPhoneSimulator.Build.0 = Release|Any CPU
		{0BB16B8A-A03B-4D11-AB59-D59FD4235B46}.Release|iPhoneSimulator.Deploy.0 = Release|Any CPU
		{0BB16B8A-A03B-4D11-AB59-D59FD4235B46}.Release|x64.ActiveCfg = Release|Any CPU
		{0BB16B8A-A03B-4D11-AB59-D59FD4235B46}.Release|x64.Build.0 = Release|Any CPU
		{0BB16B8A-A03B-4D11-AB59-D59FD4235B46}.Release|x64.Deploy.0 = Release|Any CPU
		{0BB16B8A-A03B-4D11-AB59-D59FD4235B46}.Release|x86.ActiveCfg = Release|Any CPU
		{0BB16B8A-A03B-4D11-AB59-D59FD4235B46}.Release|x86.Build.0 = Release|Any CPU
		{0BB16B8A-A03B-4D11-AB59-D59FD4235B46}.Release|x86.Deploy.0 = Release|Any CPU
		{39FAF330-8146-471C-B541-3EAA55CBDCB4}.Ad-Hoc|Any CPU.ActiveCfg = Release|x64
		{39FAF330-8146-471C-B541-3EAA55CBDCB4}.Ad-Hoc|Any CPU.Build.0 = Release|x64
		{39FAF330-8146-471C-B541-3EAA55CBDCB4}.Ad-Hoc|Any CPU.Deploy.0 = Release|x64
		{39FAF330-8146-471C-B541-3EAA55CBDCB4}.Ad-Hoc|ARM.ActiveCfg = Release|ARM
		{39FAF330-8146-471C-B541-3EAA55CBDCB4}.Ad-Hoc|ARM.Build.0 = Release|ARM
		{39FAF330-8146-471C-B541-3EAA55CBDCB4}.Ad-Hoc|ARM.Deploy.0 = Release|ARM
		{39FAF330-8146-471C-B541-3EAA55CBDCB4}.Ad-Hoc|iPhone.ActiveCfg = Release|x64
		{39FAF330-8146-471C-B541-3EAA55CBDCB4}.Ad-Hoc|iPhone.Build.0 = Release|x64
		{39FAF330-8146-471C-B541-3EAA55CBDCB4}.Ad-Hoc|iPhone.Deploy.0 = Release|x64
		{39FAF330-8146-471C-B541-3EAA55CBDCB4}.Ad-Hoc|iPhoneSimulator.ActiveCfg = Release|x64
		{39FAF330-8146-471C-B541-3EAA55CBDCB4}.Ad-Hoc|iPhoneSimulator.Build.0 = Release|x64
		{39FAF330-8146-471C-B541-3EAA55CBDCB4}.Ad-Hoc|iPhoneSimulator.Deploy.0 = Release|x64
		{39FAF330-8146-471C-B541-3EAA55CBDCB4}.Ad-Hoc|x64.ActiveCfg = Release|x64
		{39FAF330-8146-471C-B541-3EAA55CBDCB4}.Ad-Hoc|x64.Build.0 = Release|x64
		{39FAF330-8146-471C-B541-3EAA55CBDCB4}.Ad-Hoc|x64.Deploy.0 = Release|x64
		{39FAF330-8146-471C-B541-3EAA55CBDCB4}.Ad-Hoc|x86.ActiveCfg = Release|x86
		{39FAF330-8146-471C-B541-3EAA55CBDCB4}.Ad-Hoc|x86.Build.0 = Release|x86
		{39FAF330-8146-471C-B541-3EAA55CBDCB4}.Ad-Hoc|x86.Deploy.0 = Release|x86
		{39FAF330-8146-471C-B541-3EAA55CBDCB4}.AppStore|Any CPU.ActiveCfg = Release|x64
		{39FAF330-8146-471C-B541-3EAA55CBDCB4}.AppStore|Any CPU.Build.0 = Release|x64
		{39FAF330-8146-471C-B541-3EAA55CBDCB4}.AppStore|Any CPU.Deploy.0 = Release|x64
		{39FAF330-8146-471C-B541-3EAA55CBDCB4}.AppStore|ARM.ActiveCfg = Release|ARM
		{39FAF330-8146-471C-B541-3EAA55CBDCB4}.AppStore|ARM.Build.0 = Release|ARM
		{39FAF330-8146-471C-B541-3EAA55CBDCB4}.AppStore|ARM.Deploy.0 = Release|ARM
		{39FAF330-8146-471C-B541-3EAA55CBDCB4}.AppStore|iPhone.ActiveCfg = Release|x64
		{39FAF330-8146-471C-B541-3EAA55CBDCB4}.AppStore|iPhone.Build.0 = Release|x64
		{39FAF330-8146-471C-B541-3EAA55CBDCB4}.AppStore|iPhone.Deploy.0 = Release|x64
		{39FAF330-8146-471C-B541-3EAA55CBDCB4}.AppStore|iPhoneSimulator.ActiveCfg = Release|x64
		{39FAF330-8146-471C-B541-3EAA55CBDCB4}.AppStore|iPhoneSimulator.Build.0 = Release|x64
		{39FAF330-8146-471C-B541-3EAA55CBDCB4}.AppStore|iPhoneSimulator.Deploy.0 = Release|x64
		{39FAF330-8146-471C-B541-3EAA55CBDCB4}.AppStore|x64.ActiveCfg = Release|x64
		{39FAF330-8146-471C-B541-3EAA55CBDCB4}.AppStore|x64.Build.0 = Release|x64
		{39FAF330-8146-471C-B541-3EAA55CBDCB4}.AppStore|x64.Deploy.0 = Release|x64
		{39FAF330-8146-471C-B541-3EAA55CBDCB4}.AppStore|x86.ActiveCfg = Release|x86
		{39FAF330-8146-471C-B541-3EAA55CBDCB4}.AppStore|x86.Build.0 = Release|x86
		{39FAF330-8146-471C-B541-3EAA55CBDCB4}.AppStore|x86.Deploy.0 = Release|x86
		{39FAF330-8146-471C-B541-3EAA55CBDCB4}.Debug|Any CPU.ActiveCfg = Debug|x86
		{39FAF330-8146-471C-B541-3EAA55CBDCB4}.Debug|ARM.ActiveCfg = Debug|ARM
		{39FAF330-8146-471C-B541-3EAA55CBDCB4}.Debug|ARM.Build.0 = Debug|ARM
		{39FAF330-8146-471C-B541-3EAA55CBDCB4}.Debug|ARM.Deploy.0 = Debug|ARM
		{39FAF330-8146-471C-B541-3EAA55CBDCB4}.Debug|iPhone.ActiveCfg = Debug|x86
		{39FAF330-8146-471C-B541-3EAA55CBDCB4}.Debug|iPhoneSimulator.ActiveCfg = Debug|x86
		{39FAF330-8146-471C-B541-3EAA55CBDCB4}.Debug|x64.ActiveCfg = Debug|x64
		{39FAF330-8146-471C-B541-3EAA55CBDCB4}.Debug|x64.Build.0 = Debug|x64
		{39FAF330-8146-471C-B541-3EAA55CBDCB4}.Debug|x64.Deploy.0 = Debug|x64
		{39FAF330-8146-471C-B541-3EAA55CBDCB4}.Debug|x86.ActiveCfg = Debug|x86
		{39FAF330-8146-471C-B541-3EAA55CBDCB4}.Debug|x86.Build.0 = Debug|x86
		{39FAF330-8146-471C-B541-3EAA55CBDCB4}.Debug|x86.Deploy.0 = Debug|x86
		{39FAF330-8146-471C-B541-3EAA55CBDCB4}.Release|Any CPU.ActiveCfg = Release|x86
		{39FAF330-8146-471C-B541-3EAA55CBDCB4}.Release|ARM.ActiveCfg = Release|ARM
		{39FAF330-8146-471C-B541-3EAA55CBDCB4}.Release|ARM.Build.0 = Release|ARM
		{39FAF330-8146-471C-B541-3EAA55CBDCB4}.Release|ARM.Deploy.0 = Release|ARM
		{39FAF330-8146-471C-B541-3EAA55CBDCB4}.Release|iPhone.ActiveCfg = Release|x86
		{39FAF330-8146-471C-B541-3EAA55CBDCB4}.Release|iPhoneSimulator.ActiveCfg = Release|x86
		{39FAF330-8146-471C-B541-3EAA55CBDCB4}.Release|x64.ActiveCfg = Release|x64
		{39FAF330-8146-471C-B541-3EAA55CBDCB4}.Release|x64.Build.0 = Release|x64
		{39FAF330-8146-471C-B541-3EAA55CBDCB4}.Release|x64.Deploy.0 = Release|x64
		{39FAF330-8146-471C-B541-3EAA55CBDCB4}.Release|x86.ActiveCfg = Release|x86
		{39FAF330-8146-471C-B541-3EAA55CBDCB4}.Release|x86.Build.0 = Release|x86
		{39FAF330-8146-471C-B541-3EAA55CBDCB4}.Release|x86.Deploy.0 = Release|x86
		{20255BFE-E7B3-44F7-A7A7-F688A0368EC8}.Ad-Hoc|Any CPU.ActiveCfg = Ad-Hoc|iPhone
		{20255BFE-E7B3-44F7-A7A7-F688A0368EC8}.Ad-Hoc|ARM.ActiveCfg = Ad-Hoc|iPhone
		{20255BFE-E7B3-44F7-A7A7-F688A0368EC8}.Ad-Hoc|iPhone.ActiveCfg = Ad-Hoc|iPhone
		{20255BFE-E7B3-44F7-A7A7-F688A0368EC8}.Ad-Hoc|iPhone.Build.0 = Ad-Hoc|iPhone
		{20255BFE-E7B3-44F7-A7A7-F688A0368EC8}.Ad-Hoc|iPhoneSimulator.ActiveCfg = Ad-Hoc|iPhoneSimulator
		{20255BFE-E7B3-44F7-A7A7-F688A0368EC8}.Ad-Hoc|iPhoneSimulator.Build.0 = Ad-Hoc|iPhoneSimulator
		{20255BFE-E7B3-44F7-A7A7-F688A0368EC8}.Ad-Hoc|x64.ActiveCfg = Ad-Hoc|iPhone
		{20255BFE-E7B3-44F7-A7A7-F688A0368EC8}.Ad-Hoc|x86.ActiveCfg = Ad-Hoc|iPhone
		{20255BFE-E7B3-44F7-A7A7-F688A0368EC8}.AppStore|Any CPU.ActiveCfg = AppStore|iPhone
		{20255BFE-E7B3-44F7-A7A7-F688A0368EC8}.AppStore|ARM.ActiveCfg = AppStore|iPhone
		{20255BFE-E7B3-44F7-A7A7-F688A0368EC8}.AppStore|iPhone.ActiveCfg = AppStore|iPhone
		{20255BFE-E7B3-44F7-A7A7-F688A0368EC8}.AppStore|iPhone.Build.0 = AppStore|iPhone
		{20255BFE-E7B3-44F7-A7A7-F688A0368EC8}.AppStore|iPhoneSimulator.ActiveCfg = AppStore|iPhoneSimulator
		{20255BFE-E7B3-44F7-A7A7-F688A0368EC8}.AppStore|iPhoneSimulator.Build.0 = AppStore|iPhoneSimulator
		{20255BFE-E7B3-44F7-A7A7-F688A0368EC8}.AppStore|x64.ActiveCfg = AppStore|iPhone
		{20255BFE-E7B3-44F7-A7A7-F688A0368EC8}.AppStore|x86.ActiveCfg = AppStore|iPhone
		{20255BFE-E7B3-44F7-A7A7-F688A0368EC8}.Debug|Any CPU.ActiveCfg = Debug|iPhone
		{20255BFE-E7B3-44F7-A7A7-F688A0368EC8}.Debug|ARM.ActiveCfg = Debug|iPhone
		{20255BFE-E7B3-44F7-A7A7-F688A0368EC8}.Debug|iPhone.ActiveCfg = Debug|iPhone
		{20255BFE-E7B3-44F7-A7A7-F688A0368EC8}.Debug|iPhone.Build.0 = Debug|iPhone
		{20255BFE-E7B3-44F7-A7A7-F688A0368EC8}.Debug|iPhoneSimulator.ActiveCfg = Debug|iPhoneSimulator
		{20255BFE-E7B3-44F7-A7A7-F688A0368EC8}.Debug|iPhoneSimulator.Build.0 = Debug|iPhoneSimulator
		{20255BFE-E7B3-44F7-A7A7-F688A0368EC8}.Debug|x64.ActiveCfg = Debug|iPhone
		{20255BFE-E7B3-44F7-A7A7-F688A0368EC8}.Debug|x86.ActiveCfg = Debug|iPhone
		{20255BFE-E7B3-44F7-A7A7-F688A0368EC8}.Release|Any CPU.ActiveCfg = Release|iPhone
		{20255BFE-E7B3-44F7-A7A7-F688A0368EC8}.Release|ARM.ActiveCfg = Release|iPhone
		{20255BFE-E7B3-44F7-A7A7-F688A0368EC8}.Release|iPhone.ActiveCfg = Release|iPhone
		{20255BFE-E7B3-44F7-A7A7-F688A0368EC8}.Release|iPhone.Build.0 = Release|iPhone
		{20255BFE-E7B3-44F7-A7A7-F688A0368EC8}.Release|iPhoneSimulator.ActiveCfg = Release|iPhoneSimulator
		{20255BFE-E7B3-44F7-A7A7-F688A0368EC8}.Release|iPhoneSimulator.Build.0 = Release|iPhoneSimulator
		{20255BFE-E7B3-44F7-A7A7-F688A0368EC8}.Release|x64.ActiveCfg = Release|iPhone
		{20255BFE-E7B3-44F7-A7A7-F688A0368EC8}.Release|x86.ActiveCfg = Release|iPhone
	EndGlobalSection
	GlobalSection(SolutionProperties) = preSolution
		HideSolutionNode = FALSE
	EndGlobalSection
EndGlobal
